// !$*UTF8*$!
{
	archiveVersion = 1;
	classes = {
	};
	objectVersion = 56;
	objects = {

/* Begin PBXBuildFile section */
		187ADEFC29FA5D8400C4CDCD /* CookCookMomApp.swift in Sources */ = {isa = PBXBuildFile; fileRef = 187ADEFB29FA5D8400C4CDCD /* CookCookMomApp.swift */; };
		187ADEFE29FA5D8400C4CDCD /* ContentView.swift in Sources */ = {isa = PBXBuildFile; fileRef = 187ADEFD29FA5D8400C4CDCD /* ContentView.swift */; };
		187ADF0029FA5D8500C4CDCD /* Assets.xcassets in Resources */ = {isa = PBXBuildFile; fileRef = 187ADEFF29FA5D8500C4CDCD /* Assets.xcassets */; };
		187ADF0329FA5D8500C4CDCD /* Preview Assets.xcassets in Resources */ = {isa = PBXBuildFile; fileRef = 187ADF0229FA5D8500C4CDCD /* Preview Assets.xcassets */; };
		187ADF0A29FA5F2500C4CDCD /* .gitignore in Resources */ = {isa = PBXBuildFile; fileRef = 187ADF0929FA5F2500C4CDCD /* .gitignore */; };
		18DA57232A08EDE600EE16EA /* CentralViewModel.swift in Sources */ = {isa = PBXBuildFile; fileRef = 18DA57222A08EDE600EE16EA /* CentralViewModel.swift */; };
		18DA57282A08EE8F00EE16EA /* TransferService.swift in Sources */ = {isa = PBXBuildFile; fileRef = 18DA57272A08EE8F00EE16EA /* TransferService.swift */; };
		18DA572A2A08EEDC00EE16EA /* SendView.swift in Sources */ = {isa = PBXBuildFile; fileRef = 18DA57292A08EEDC00EE16EA /* SendView.swift */; };
		18DA572D2A08EF0C00EE16EA /* SendIngredientsButton.swift in Sources */ = {isa = PBXBuildFile; fileRef = 18DA572C2A08EF0C00EE16EA /* SendIngredientsButton.swift */; };
		18DA572F2A09222C00EE16EA /* CentralView.swift in Sources */ = {isa = PBXBuildFile; fileRef = 18DA572E2A09222C00EE16EA /* CentralView.swift */; };
		363087C12A0B69100062DDC9 /* NotificationListView.swift in Sources */ = {isa = PBXBuildFile; fileRef = 363087C02A0B69100062DDC9 /* NotificationListView.swift */; };
		363087C32A0B69240062DDC9 /* NotificationRowView.swift in Sources */ = {isa = PBXBuildFile; fileRef = 363087C22A0B69240062DDC9 /* NotificationRowView.swift */; };
		363087C62A0B69620062DDC9 /* (null) in Sources */ = {isa = PBXBuildFile; };
		363087CA2A0E1B3B0062DDC9 /* DescriptionView.swift in Sources */ = {isa = PBXBuildFile; fileRef = 363087C92A0E1B3B0062DDC9 /* DescriptionView.swift */; };
		363BE19D2A0A3070005E2876 /* CartView.swift in Sources */ = {isa = PBXBuildFile; fileRef = 363BE19C2A0A3070005E2876 /* CartView.swift */; };
		36673D292A00D1DA001EEB19 /* NotificationButton.swift in Sources */ = {isa = PBXBuildFile; fileRef = 36673D282A00D1DA001EEB19 /* NotificationButton.swift */; };
		36673D2B2A00D1E2001EEB19 /* IngredientButton.swift in Sources */ = {isa = PBXBuildFile; fileRef = 36673D2A2A00D1E2001EEB19 /* IngredientButton.swift */; };
		36673D2D2A00D1E8001EEB19 /* SendButton.swift in Sources */ = {isa = PBXBuildFile; fileRef = 36673D2C2A00D1E8001EEB19 /* SendButton.swift */; };
		36673D2F2A00D1EC001EEB19 /* SelectView.swift in Sources */ = {isa = PBXBuildFile; fileRef = 36673D2E2A00D1EC001EEB19 /* SelectView.swift */; };
		36673D512A0136F0001EEB19 /* ShoppingCart.swift in Sources */ = {isa = PBXBuildFile; fileRef = 36673D502A0136F0001EEB19 /* ShoppingCart.swift */; };
		36673D532A023BDD001EEB19 /* Ingredient.swift in Sources */ = {isa = PBXBuildFile; fileRef = 36673D522A023BDD001EEB19 /* Ingredient.swift */; };
		36673D552A0282E5001EEB19 /* IngredientC.swift in Sources */ = {isa = PBXBuildFile; fileRef = 36673D542A0282E5001EEB19 /* IngredientC.swift */; };
		402F505B2A0AB4B70093C94B /* PersistenceController.swift in Sources */ = {isa = PBXBuildFile; fileRef = 402F505A2A0AB4B70093C94B /* PersistenceController.swift */; };
		402F505E2A0AB4DE0093C94B /* CookCookMom.xcdatamodeld in Sources */ = {isa = PBXBuildFile; fileRef = 402F505C2A0AB4DE0093C94B /* CookCookMom.xcdatamodeld */; };
		6F8565BC2A12277500FD0A58 /* NetworkManager.swift in Sources */ = {isa = PBXBuildFile; fileRef = 6F8565BB2A12277500FD0A58 /* NetworkManager.swift */; };
		6FCE85852A08D43E0086FB52 /* IngredientModel.swift in Sources */ = {isa = PBXBuildFile; fileRef = 6FCE85842A08D43E0086FB52 /* IngredientModel.swift */; };
		6FCE85882A08D4BE0086FB52 /* TestView.swift in Sources */ = {isa = PBXBuildFile; fileRef = 6FCE85872A08D4BE0086FB52 /* TestView.swift */; };
		6FCE858A2A08D4C70086FB52 /* IngredientsViewModel.swift in Sources */ = {isa = PBXBuildFile; fileRef = 6FCE85892A08D4C70086FB52 /* IngredientsViewModel.swift */; };
/* End PBXBuildFile section */

/* Begin PBXFileReference section */
		187ADEF829FA5D8400C4CDCD /* CookCookMom.app */ = {isa = PBXFileReference; explicitFileType = wrapper.application; includeInIndex = 0; path = CookCookMom.app; sourceTree = BUILT_PRODUCTS_DIR; };
		187ADEFB29FA5D8400C4CDCD /* CookCookMomApp.swift */ = {isa = PBXFileReference; lastKnownFileType = sourcecode.swift; path = CookCookMomApp.swift; sourceTree = "<group>"; };
		187ADEFD29FA5D8400C4CDCD /* ContentView.swift */ = {isa = PBXFileReference; lastKnownFileType = sourcecode.swift; path = ContentView.swift; sourceTree = "<group>"; };
		187ADEFF29FA5D8500C4CDCD /* Assets.xcassets */ = {isa = PBXFileReference; lastKnownFileType = folder.assetcatalog; path = Assets.xcassets; sourceTree = "<group>"; };
		187ADF0229FA5D8500C4CDCD /* Preview Assets.xcassets */ = {isa = PBXFileReference; lastKnownFileType = folder.assetcatalog; path = "Preview Assets.xcassets"; sourceTree = "<group>"; };
		187ADF0929FA5F2500C4CDCD /* .gitignore */ = {isa = PBXFileReference; lastKnownFileType = text; path = .gitignore; sourceTree = "<group>"; };
		18DA57222A08EDE600EE16EA /* CentralViewModel.swift */ = {isa = PBXFileReference; lastKnownFileType = sourcecode.swift; path = CentralViewModel.swift; sourceTree = "<group>"; };
		18DA57272A08EE8F00EE16EA /* TransferService.swift */ = {isa = PBXFileReference; lastKnownFileType = sourcecode.swift; path = TransferService.swift; sourceTree = "<group>"; };
		18DA57292A08EEDC00EE16EA /* SendView.swift */ = {isa = PBXFileReference; lastKnownFileType = sourcecode.swift; name = SendView.swift; path = CookCookMom/Constants/SendView.swift; sourceTree = SOURCE_ROOT; };
		18DA572C2A08EF0C00EE16EA /* SendIngredientsButton.swift */ = {isa = PBXFileReference; lastKnownFileType = sourcecode.swift; path = SendIngredientsButton.swift; sourceTree = "<group>"; };
		18DA572E2A09222C00EE16EA /* CentralView.swift */ = {isa = PBXFileReference; lastKnownFileType = sourcecode.swift; path = CentralView.swift; sourceTree = "<group>"; };
		363087C02A0B69100062DDC9 /* NotificationListView.swift */ = {isa = PBXFileReference; lastKnownFileType = sourcecode.swift; path = NotificationListView.swift; sourceTree = "<group>"; };
		363087C22A0B69240062DDC9 /* NotificationRowView.swift */ = {isa = PBXFileReference; lastKnownFileType = sourcecode.swift; path = NotificationRowView.swift; sourceTree = "<group>"; };
		363087C92A0E1B3B0062DDC9 /* DescriptionView.swift */ = {isa = PBXFileReference; lastKnownFileType = sourcecode.swift; path = DescriptionView.swift; sourceTree = "<group>"; };
		363BE19C2A0A3070005E2876 /* CartView.swift */ = {isa = PBXFileReference; lastKnownFileType = sourcecode.swift; path = CartView.swift; sourceTree = "<group>"; };
		36673D282A00D1DA001EEB19 /* NotificationButton.swift */ = {isa = PBXFileReference; fileEncoding = 4; lastKnownFileType = sourcecode.swift; path = NotificationButton.swift; sourceTree = "<group>"; };
		36673D2A2A00D1E2001EEB19 /* IngredientButton.swift */ = {isa = PBXFileReference; fileEncoding = 4; lastKnownFileType = sourcecode.swift; path = IngredientButton.swift; sourceTree = "<group>"; };
		36673D2C2A00D1E8001EEB19 /* SendButton.swift */ = {isa = PBXFileReference; fileEncoding = 4; lastKnownFileType = sourcecode.swift; path = SendButton.swift; sourceTree = "<group>"; };
		36673D2E2A00D1EC001EEB19 /* SelectView.swift */ = {isa = PBXFileReference; fileEncoding = 4; lastKnownFileType = sourcecode.swift; path = SelectView.swift; sourceTree = "<group>"; };
		36673D502A0136F0001EEB19 /* ShoppingCart.swift */ = {isa = PBXFileReference; lastKnownFileType = sourcecode.swift; path = ShoppingCart.swift; sourceTree = "<group>"; };
		36673D522A023BDD001EEB19 /* Ingredient.swift */ = {isa = PBXFileReference; lastKnownFileType = sourcecode.swift; path = Ingredient.swift; sourceTree = "<group>"; };
		36673D542A0282E5001EEB19 /* IngredientC.swift */ = {isa = PBXFileReference; lastKnownFileType = sourcecode.swift; path = IngredientC.swift; sourceTree = "<group>"; };
		402F50582A0AB3F70093C94B /* CookCookMom.entitlements */ = {isa = PBXFileReference; lastKnownFileType = text.plist.entitlements; path = CookCookMom.entitlements; sourceTree = "<group>"; };
		402F50592A0AB4220093C94B /* Info.plist */ = {isa = PBXFileReference; lastKnownFileType = text.plist; path = Info.plist; sourceTree = "<group>"; };
		402F505A2A0AB4B70093C94B /* PersistenceController.swift */ = {isa = PBXFileReference; lastKnownFileType = sourcecode.swift; path = PersistenceController.swift; sourceTree = "<group>"; };
		402F505D2A0AB4DE0093C94B /* CookCookMom.xcdatamodel */ = {isa = PBXFileReference; lastKnownFileType = wrapper.xcdatamodel; path = CookCookMom.xcdatamodel; sourceTree = "<group>"; };
		6F8565BB2A12277500FD0A58 /* NetworkManager.swift */ = {isa = PBXFileReference; lastKnownFileType = sourcecode.swift; path = NetworkManager.swift; sourceTree = "<group>"; };
		6FCE85842A08D43E0086FB52 /* IngredientModel.swift */ = {isa = PBXFileReference; lastKnownFileType = sourcecode.swift; path = IngredientModel.swift; sourceTree = "<group>"; };
		6FCE85872A08D4BE0086FB52 /* TestView.swift */ = {isa = PBXFileReference; lastKnownFileType = sourcecode.swift; path = TestView.swift; sourceTree = "<group>"; };
		6FCE85892A08D4C70086FB52 /* IngredientsViewModel.swift */ = {isa = PBXFileReference; lastKnownFileType = sourcecode.swift; path = IngredientsViewModel.swift; sourceTree = "<group>"; };
/* End PBXFileReference section */

/* Begin PBXFrameworksBuildPhase section */
		187ADEF529FA5D8400C4CDCD /* Frameworks */ = {
			isa = PBXFrameworksBuildPhase;
			buildActionMask = 2147483647;
			files = (
			);
			runOnlyForDeploymentPostprocessing = 0;
		};
/* End PBXFrameworksBuildPhase section */

/* Begin PBXGroup section */
		187ADEEF29FA5D8400C4CDCD = {
			isa = PBXGroup;
			children = (
				6F8565BA2A12271800FD0A58 /* Utils */,
				187ADF0929FA5F2500C4CDCD /* .gitignore */,
				187ADEFA29FA5D8400C4CDCD /* CookCookMom */,
				187ADEF929FA5D8400C4CDCD /* Products */,
			);
			sourceTree = "<group>";
		};
		187ADEF929FA5D8400C4CDCD /* Products */ = {
			isa = PBXGroup;
			children = (
				187ADEF829FA5D8400C4CDCD /* CookCookMom.app */,
			);
			name = Products;
			sourceTree = "<group>";
		};
		187ADEFA29FA5D8400C4CDCD /* CookCookMom */ = {
			isa = PBXGroup;
			children = (
				402F50592A0AB4220093C94B /* Info.plist */,
				402F50582A0AB3F70093C94B /* CookCookMom.entitlements */,
				18DA57262A08EE7100EE16EA /* Constants */,
				18DA57092A08E29C00EE16EA /* Model */,
				18DA57082A08E29000EE16EA /* View */,
				18DA57072A08E28600EE16EA /* ViewModel */,
				6FCE85862A08D4980086FB52 /* Test */,
				187ADEFB29FA5D8400C4CDCD /* CookCookMomApp.swift */,
				187ADEFD29FA5D8400C4CDCD /* ContentView.swift */,
				36673D2E2A00D1EC001EEB19 /* SelectView.swift */,
				36673D2C2A00D1E8001EEB19 /* SendButton.swift */,
				36673D502A0136F0001EEB19 /* ShoppingCart.swift */,
				36673D522A023BDD001EEB19 /* Ingredient.swift */,
				36673D542A0282E5001EEB19 /* IngredientC.swift */,
				187ADEFF29FA5D8500C4CDCD /* Assets.xcassets */,
				402F505C2A0AB4DE0093C94B /* CookCookMom.xcdatamodeld */,
				187ADF0129FA5D8500C4CDCD /* Preview Content */,
			);
			path = CookCookMom;
			sourceTree = "<group>";
		};
		187ADF0129FA5D8500C4CDCD /* Preview Content */ = {
			isa = PBXGroup;
			children = (
				187ADF0229FA5D8500C4CDCD /* Preview Assets.xcassets */,
			);
			path = "Preview Content";
			sourceTree = "<group>";
		};
		18DA57072A08E28600EE16EA /* ViewModel */ = {
			isa = PBXGroup;
			children = (
				18DA571F2A08ED7F00EE16EA /* Central */,
				18DA57202A08ED8600EE16EA /* SendIngredients */,
			);
			path = ViewModel;
			sourceTree = "<group>";
		};
		18DA57082A08E29000EE16EA /* View */ = {
			isa = PBXGroup;
			children = (
				18DA572B2A08EEE000EE16EA /* Components */,
				18DA57292A08EEDC00EE16EA /* SendView.swift */,
				18DA572E2A09222C00EE16EA /* CentralView.swift */,
				363087C02A0B69100062DDC9 /* NotificationListView.swift */,
				363087C22A0B69240062DDC9 /* NotificationRowView.swift */,
				363087C92A0E1B3B0062DDC9 /* DescriptionView.swift */,
			);
			path = View;
			sourceTree = "<group>";
		};
		18DA57092A08E29C00EE16EA /* Model */ = {
			isa = PBXGroup;
			children = (
				6FCE85842A08D43E0086FB52 /* IngredientModel.swift */,
				402F505A2A0AB4B70093C94B /* PersistenceController.swift */,
			);
			path = Model;
			sourceTree = "<group>";
		};
		18DA571F2A08ED7F00EE16EA /* Central */ = {
			isa = PBXGroup;
			children = (
				18DA57222A08EDE600EE16EA /* CentralViewModel.swift */,
			);
			path = Central;
			sourceTree = "<group>";
		};
		18DA57202A08ED8600EE16EA /* SendIngredients */ = {
			isa = PBXGroup;
			children = (
				6FCE85892A08D4C70086FB52 /* IngredientsViewModel.swift */,
			);
			path = SendIngredients;
			sourceTree = "<group>";
		};
		18DA57262A08EE7100EE16EA /* Constants */ = {
			isa = PBXGroup;
			children = (
				18DA57272A08EE8F00EE16EA /* TransferService.swift */,
			);
			path = Constants;
			sourceTree = "<group>";
		};
		18DA572B2A08EEE000EE16EA /* Components */ = {
			isa = PBXGroup;
			children = (
				36673D282A00D1DA001EEB19 /* NotificationButton.swift */,
				36673D2A2A00D1E2001EEB19 /* IngredientButton.swift */,
				18DA572C2A08EF0C00EE16EA /* SendIngredientsButton.swift */,
				363BE19C2A0A3070005E2876 /* CartView.swift */,
			);
			path = Components;
			sourceTree = "<group>";
		};
		6F8565BA2A12271800FD0A58 /* Utils */ = {
			isa = PBXGroup;
			children = (
				6F8565BB2A12277500FD0A58 /* NetworkManager.swift */,
			);
			path = Utils;
			sourceTree = "<group>";
		};
		6FCE85862A08D4980086FB52 /* Test */ = {
			isa = PBXGroup;
			children = (
				6FCE85872A08D4BE0086FB52 /* TestView.swift */,
			);
			path = Test;
			sourceTree = "<group>";
		};
/* End PBXGroup section */

/* Begin PBXNativeTarget section */
		187ADEF729FA5D8400C4CDCD /* CookCookMom */ = {
			isa = PBXNativeTarget;
			buildConfigurationList = 187ADF0629FA5D8500C4CDCD /* Build configuration list for PBXNativeTarget "CookCookMom" */;
			buildPhases = (
				187ADEF429FA5D8400C4CDCD /* Sources */,
				187ADEF529FA5D8400C4CDCD /* Frameworks */,
				187ADEF629FA5D8400C4CDCD /* Resources */,
			);
			buildRules = (
			);
			dependencies = (
			);
			name = CookCookMom;
			productName = CookCookMom;
			productReference = 187ADEF829FA5D8400C4CDCD /* CookCookMom.app */;
			productType = "com.apple.product-type.application";
		};
/* End PBXNativeTarget section */

/* Begin PBXProject section */
		187ADEF029FA5D8400C4CDCD /* Project object */ = {
			isa = PBXProject;
			attributes = {
				BuildIndependentTargetsInParallel = 1;
				LastSwiftUpdateCheck = 1430;
				LastUpgradeCheck = 1430;
				TargetAttributes = {
					187ADEF729FA5D8400C4CDCD = {
						CreatedOnToolsVersion = 14.3;
					};
				};
			};
			buildConfigurationList = 187ADEF329FA5D8400C4CDCD /* Build configuration list for PBXProject "CookCookMom" */;
			compatibilityVersion = "Xcode 14.0";
			developmentRegion = en;
			hasScannedForEncodings = 0;
			knownRegions = (
				en,
				Base,
			);
			mainGroup = 187ADEEF29FA5D8400C4CDCD;
			productRefGroup = 187ADEF929FA5D8400C4CDCD /* Products */;
			projectDirPath = "";
			projectRoot = "";
			targets = (
				187ADEF729FA5D8400C4CDCD /* CookCookMom */,
			);
		};
/* End PBXProject section */

/* Begin PBXResourcesBuildPhase section */
		187ADEF629FA5D8400C4CDCD /* Resources */ = {
			isa = PBXResourcesBuildPhase;
			buildActionMask = 2147483647;
			files = (
				187ADF0329FA5D8500C4CDCD /* Preview Assets.xcassets in Resources */,
				187ADF0A29FA5F2500C4CDCD /* .gitignore in Resources */,
				187ADF0029FA5D8500C4CDCD /* Assets.xcassets in Resources */,
			);
			runOnlyForDeploymentPostprocessing = 0;
		};
/* End PBXResourcesBuildPhase section */

/* Begin PBXSourcesBuildPhase section */
		187ADEF429FA5D8400C4CDCD /* Sources */ = {
			isa = PBXSourcesBuildPhase;
			buildActionMask = 2147483647;
			files = (
				18DA57282A08EE8F00EE16EA /* TransferService.swift in Sources */,
				363087C62A0B69620062DDC9 /* (null) in Sources */,
				36673D2F2A00D1EC001EEB19 /* SelectView.swift in Sources */,
				36673D292A00D1DA001EEB19 /* NotificationButton.swift in Sources */,
				187ADEFE29FA5D8400C4CDCD /* ContentView.swift in Sources */,
				18DA572D2A08EF0C00EE16EA /* SendIngredientsButton.swift in Sources */,
				18DA57232A08EDE600EE16EA /* CentralViewModel.swift in Sources */,
				6FCE85852A08D43E0086FB52 /* IngredientModel.swift in Sources */,
				6FCE85882A08D4BE0086FB52 /* TestView.swift in Sources */,
				36673D2D2A00D1E8001EEB19 /* SendButton.swift in Sources */,
				36673D532A023BDD001EEB19 /* Ingredient.swift in Sources */,
				36673D2B2A00D1E2001EEB19 /* IngredientButton.swift in Sources */,
				6FCE858A2A08D4C70086FB52 /* IngredientsViewModel.swift in Sources */,
				18DA572F2A09222C00EE16EA /* CentralView.swift in Sources */,
				363087C32A0B69240062DDC9 /* NotificationRowView.swift in Sources */,
				363087C12A0B69100062DDC9 /* NotificationListView.swift in Sources */,
				187ADEFC29FA5D8400C4CDCD /* CookCookMomApp.swift in Sources */,
				36673D512A0136F0001EEB19 /* ShoppingCart.swift in Sources */,
				18DA572A2A08EEDC00EE16EA /* SendView.swift in Sources */,
				363BE19D2A0A3070005E2876 /* CartView.swift in Sources */,
				36673D552A0282E5001EEB19 /* IngredientC.swift in Sources */,
				402F505E2A0AB4DE0093C94B /* CookCookMom.xcdatamodeld in Sources */,
				6F8565BC2A12277500FD0A58 /* NetworkManager.swift in Sources */,
				402F505B2A0AB4B70093C94B /* PersistenceController.swift in Sources */,
				363087CA2A0E1B3B0062DDC9 /* DescriptionView.swift in Sources */,
			);
			runOnlyForDeploymentPostprocessing = 0;
		};
/* End PBXSourcesBuildPhase section */

/* Begin XCBuildConfiguration section */
		187ADF0429FA5D8500C4CDCD /* Debug */ = {
			isa = XCBuildConfiguration;
			buildSettings = {
				ALWAYS_SEARCH_USER_PATHS = NO;
				CLANG_ANALYZER_NONNULL = YES;
				CLANG_ANALYZER_NUMBER_OBJECT_CONVERSION = YES_AGGRESSIVE;
				CLANG_CXX_LANGUAGE_STANDARD = "gnu++20";
				CLANG_ENABLE_MODULES = YES;
				CLANG_ENABLE_OBJC_ARC = YES;
				CLANG_ENABLE_OBJC_WEAK = YES;
				CLANG_WARN_BLOCK_CAPTURE_AUTORELEASING = YES;
				CLANG_WARN_BOOL_CONVERSION = YES;
				CLANG_WARN_COMMA = YES;
				CLANG_WARN_CONSTANT_CONVERSION = YES;
				CLANG_WARN_DEPRECATED_OBJC_IMPLEMENTATIONS = YES;
				CLANG_WARN_DIRECT_OBJC_ISA_USAGE = YES_ERROR;
				CLANG_WARN_DOCUMENTATION_COMMENTS = YES;
				CLANG_WARN_EMPTY_BODY = YES;
				CLANG_WARN_ENUM_CONVERSION = YES;
				CLANG_WARN_INFINITE_RECURSION = YES;
				CLANG_WARN_INT_CONVERSION = YES;
				CLANG_WARN_NON_LITERAL_NULL_CONVERSION = YES;
				CLANG_WARN_OBJC_IMPLICIT_RETAIN_SELF = YES;
				CLANG_WARN_OBJC_LITERAL_CONVERSION = YES;
				CLANG_WARN_OBJC_ROOT_CLASS = YES_ERROR;
				CLANG_WARN_QUOTED_INCLUDE_IN_FRAMEWORK_HEADER = YES;
				CLANG_WARN_RANGE_LOOP_ANALYSIS = YES;
				CLANG_WARN_STRICT_PROTOTYPES = YES;
				CLANG_WARN_SUSPICIOUS_MOVE = YES;
				CLANG_WARN_UNGUARDED_AVAILABILITY = YES_AGGRESSIVE;
				CLANG_WARN_UNREACHABLE_CODE = YES;
				CLANG_WARN__DUPLICATE_METHOD_MATCH = YES;
				COPY_PHASE_STRIP = NO;
				DEBUG_INFORMATION_FORMAT = dwarf;
				ENABLE_STRICT_OBJC_MSGSEND = YES;
				ENABLE_TESTABILITY = YES;
				GCC_C_LANGUAGE_STANDARD = gnu11;
				GCC_DYNAMIC_NO_PIC = NO;
				GCC_NO_COMMON_BLOCKS = YES;
				GCC_OPTIMIZATION_LEVEL = 0;
				GCC_PREPROCESSOR_DEFINITIONS = (
					"DEBUG=1",
					"$(inherited)",
				);
				GCC_WARN_64_TO_32_BIT_CONVERSION = YES;
				GCC_WARN_ABOUT_RETURN_TYPE = YES_ERROR;
				GCC_WARN_UNDECLARED_SELECTOR = YES;
				GCC_WARN_UNINITIALIZED_AUTOS = YES_AGGRESSIVE;
				GCC_WARN_UNUSED_FUNCTION = YES;
				GCC_WARN_UNUSED_VARIABLE = YES;
				IPHONEOS_DEPLOYMENT_TARGET = 16.4;
				MTL_ENABLE_DEBUG_INFO = INCLUDE_SOURCE;
				MTL_FAST_MATH = YES;
				ONLY_ACTIVE_ARCH = YES;
				SDKROOT = iphoneos;
				SWIFT_ACTIVE_COMPILATION_CONDITIONS = DEBUG;
				SWIFT_OPTIMIZATION_LEVEL = "-Onone";
			};
			name = Debug;
		};
		187ADF0529FA5D8500C4CDCD /* Release */ = {
			isa = XCBuildConfiguration;
			buildSettings = {
				ALWAYS_SEARCH_USER_PATHS = NO;
				CLANG_ANALYZER_NONNULL = YES;
				CLANG_ANALYZER_NUMBER_OBJECT_CONVERSION = YES_AGGRESSIVE;
				CLANG_CXX_LANGUAGE_STANDARD = "gnu++20";
				CLANG_ENABLE_MODULES = YES;
				CLANG_ENABLE_OBJC_ARC = YES;
				CLANG_ENABLE_OBJC_WEAK = YES;
				CLANG_WARN_BLOCK_CAPTURE_AUTORELEASING = YES;
				CLANG_WARN_BOOL_CONVERSION = YES;
				CLANG_WARN_COMMA = YES;
				CLANG_WARN_CONSTANT_CONVERSION = YES;
				CLANG_WARN_DEPRECATED_OBJC_IMPLEMENTATIONS = YES;
				CLANG_WARN_DIRECT_OBJC_ISA_USAGE = YES_ERROR;
				CLANG_WARN_DOCUMENTATION_COMMENTS = YES;
				CLANG_WARN_EMPTY_BODY = YES;
				CLANG_WARN_ENUM_CONVERSION = YES;
				CLANG_WARN_INFINITE_RECURSION = YES;
				CLANG_WARN_INT_CONVERSION = YES;
				CLANG_WARN_NON_LITERAL_NULL_CONVERSION = YES;
				CLANG_WARN_OBJC_IMPLICIT_RETAIN_SELF = YES;
				CLANG_WARN_OBJC_LITERAL_CONVERSION = YES;
				CLANG_WARN_OBJC_ROOT_CLASS = YES_ERROR;
				CLANG_WARN_QUOTED_INCLUDE_IN_FRAMEWORK_HEADER = YES;
				CLANG_WARN_RANGE_LOOP_ANALYSIS = YES;
				CLANG_WARN_STRICT_PROTOTYPES = YES;
				CLANG_WARN_SUSPICIOUS_MOVE = YES;
				CLANG_WARN_UNGUARDED_AVAILABILITY = YES_AGGRESSIVE;
				CLANG_WARN_UNREACHABLE_CODE = YES;
				CLANG_WARN__DUPLICATE_METHOD_MATCH = YES;
				COPY_PHASE_STRIP = NO;
				DEBUG_INFORMATION_FORMAT = "dwarf-with-dsym";
				ENABLE_NS_ASSERTIONS = NO;
				ENABLE_STRICT_OBJC_MSGSEND = YES;
				GCC_C_LANGUAGE_STANDARD = gnu11;
				GCC_NO_COMMON_BLOCKS = YES;
				GCC_WARN_64_TO_32_BIT_CONVERSION = YES;
				GCC_WARN_ABOUT_RETURN_TYPE = YES_ERROR;
				GCC_WARN_UNDECLARED_SELECTOR = YES;
				GCC_WARN_UNINITIALIZED_AUTOS = YES_AGGRESSIVE;
				GCC_WARN_UNUSED_FUNCTION = YES;
				GCC_WARN_UNUSED_VARIABLE = YES;
				IPHONEOS_DEPLOYMENT_TARGET = 16.4;
				MTL_ENABLE_DEBUG_INFO = NO;
				MTL_FAST_MATH = YES;
				SDKROOT = iphoneos;
				SWIFT_COMPILATION_MODE = wholemodule;
				SWIFT_OPTIMIZATION_LEVEL = "-O";
				VALIDATE_PRODUCT = YES;
			};
			name = Release;
		};
		187ADF0729FA5D8500C4CDCD /* Debug */ = {
			isa = XCBuildConfiguration;
			buildSettings = {
				ASSETCATALOG_COMPILER_APPICON_NAME = AppIcon;
				ASSETCATALOG_COMPILER_GLOBAL_ACCENT_COLOR_NAME = AccentColor;
				CODE_SIGN_ENTITLEMENTS = CookCookMom/CookCookMom.entitlements;
				CODE_SIGN_STYLE = Automatic;
				CURRENT_PROJECT_VERSION = 1;
				DEVELOPMENT_ASSET_PATHS = "\"CookCookMom/Preview Content\"";
				DEVELOPMENT_TEAM = M8JXU75248;
				ENABLE_PREVIEWS = YES;
				GENERATE_INFOPLIST_FILE = YES;
				INFOPLIST_FILE = CookCookMom/Info.plist;
				INFOPLIST_KEY_CFBundleDisplayName = ChopChopMom;
				INFOPLIST_KEY_NSBluetoothAlwaysUsageDescription = "\"CookCookMom\" use bluetooth";
				INFOPLIST_KEY_NSBluetoothPeripheralUsageDescription = "\"CookCookMom\" use bluetooth";
				INFOPLIST_KEY_UIApplicationSceneManifest_Generation = YES;
				INFOPLIST_KEY_UIApplicationSupportsIndirectInputEvents = YES;
				INFOPLIST_KEY_UILaunchScreen_Generation = YES;
				INFOPLIST_KEY_UISupportedInterfaceOrientations_iPad = "UIInterfaceOrientationPortrait UIInterfaceOrientationPortraitUpsideDown UIInterfaceOrientationLandscapeLeft UIInterfaceOrientationLandscapeRight";
				INFOPLIST_KEY_UISupportedInterfaceOrientations_iPhone = "UIInterfaceOrientationPortrait UIInterfaceOrientationLandscapeLeft UIInterfaceOrientationLandscapeRight";
				IPHONEOS_DEPLOYMENT_TARGET = 16.0;
				LD_RUNPATH_SEARCH_PATHS = (
					"$(inherited)",
					"@executable_path/Frameworks",
				);
				MARKETING_VERSION = 1.0;
				PRODUCT_BUNDLE_IDENTIFIER = com.myApp.container;
				PRODUCT_NAME = "$(TARGET_NAME)";
				SWIFT_EMIT_LOC_STRINGS = YES;
				SWIFT_VERSION = 5.0;
				TARGETED_DEVICE_FAMILY = "1,2";
			};
			name = Debug;
		};
		187ADF0829FA5D8500C4CDCD /* Release */ = {
			isa = XCBuildConfiguration;
			buildSettings = {
				ASSETCATALOG_COMPILER_APPICON_NAME = AppIcon;
				ASSETCATALOG_COMPILER_GLOBAL_ACCENT_COLOR_NAME = AccentColor;
				CODE_SIGN_ENTITLEMENTS = CookCookMom/CookCookMom.entitlements;
				CODE_SIGN_STYLE = Automatic;
				CURRENT_PROJECT_VERSION = 1;
				DEVELOPMENT_ASSET_PATHS = "\"CookCookMom/Preview Content\"";
				DEVELOPMENT_TEAM = M8JXU75248;
				ENABLE_PREVIEWS = YES;
				GENERATE_INFOPLIST_FILE = YES;
				INFOPLIST_FILE = CookCookMom/Info.plist;
				INFOPLIST_KEY_CFBundleDisplayName = ChopChopMom;
				INFOPLIST_KEY_NSBluetoothAlwaysUsageDescription = "\"CookCookMom\" use bluetooth";
				INFOPLIST_KEY_NSBluetoothPeripheralUsageDescription = "\"CookCookMom\" use bluetooth";
				INFOPLIST_KEY_UIApplicationSceneManifest_Generation = YES;
				INFOPLIST_KEY_UIApplicationSupportsIndirectInputEvents = YES;
				INFOPLIST_KEY_UILaunchScreen_Generation = YES;
				INFOPLIST_KEY_UISupportedInterfaceOrientations_iPad = "UIInterfaceOrientationPortrait UIInterfaceOrientationPortraitUpsideDown UIInterfaceOrientationLandscapeLeft UIInterfaceOrientationLandscapeRight";
				INFOPLIST_KEY_UISupportedInterfaceOrientations_iPhone = "UIInterfaceOrientationPortrait UIInterfaceOrientationLandscapeLeft UIInterfaceOrientationLandscapeRight";
				IPHONEOS_DEPLOYMENT_TARGET = 16.0;
				LD_RUNPATH_SEARCH_PATHS = (
					"$(inherited)",
					"@executable_path/Frameworks",
				);
				MARKETING_VERSION = 1.0;
				PRODUCT_BUNDLE_IDENTIFIER = com.cookcookmom.mom;
				PRODUCT_NAME = "$(TARGET_NAME)";
				SWIFT_EMIT_LOC_STRINGS = YES;
				SWIFT_VERSION = 5.0;
				TARGETED_DEVICE_FAMILY = "1,2";
			};
			name = Release;
		};
/* End XCBuildConfiguration section */

/* Begin XCConfigurationList section */
		187ADEF329FA5D8400C4CDCD /* Build configuration list for PBXProject "CookCookMom" */ = {
			isa = XCConfigurationList;
			buildConfigurations = (
				187ADF0429FA5D8500C4CDCD /* Debug */,
				187ADF0529FA5D8500C4CDCD /* Release */,
			);
			defaultConfigurationIsVisible = 0;
			defaultConfigurationName = Release;
		};
		187ADF0629FA5D8500C4CDCD /* Build configuration list for PBXNativeTarget "CookCookMom" */ = {
			isa = XCConfigurationList;
			buildConfigurations = (
				187ADF0729FA5D8500C4CDCD /* Debug */,
				187ADF0829FA5D8500C4CDCD /* Release */,
			);
			defaultConfigurationIsVisible = 0;
			defaultConfigurationName = Release;
		};
/* End XCConfigurationList section */

/* Begin XCVersionGroup section */
		402F505C2A0AB4DE0093C94B /* CookCookMom.xcdatamodeld */ = {
			isa = XCVersionGroup;
			children = (
				402F505D2A0AB4DE0093C94B /* CookCookMom.xcdatamodel */,
			);
			currentVersion = 402F505D2A0AB4DE0093C94B /* CookCookMom.xcdatamodel */;
			path = CookCookMom.xcdatamodeld;
			sourceTree = "<group>";
			versionGroupType = wrapper.xcdatamodel;
		};
/* End XCVersionGroup section */
	};
	rootObject = 187ADEF029FA5D8400C4CDCD /* Project object */;
}
